
Microsoft Visual Studio Solution File, Format Version 12.00
# Visual Studio Version 16
VisualStudioVersion = 16.0.29123.88
MinimumVisualStudioVersion = 10.0.40219.1
Project("{FAE04EC0-301F-11D3-BF4B-00C04F79EFBC}") = "Client.Android", "Client\Client.Android\Client.Android.csproj", "{78DAF9AA-482C-485F-B52A-9328DFE91E64}"
EndProject
Project("{FAE04EC0-301F-11D3-BF4B-00C04F79EFBC}") = "Client.iOS", "Client\Client.iOS\Client.iOS.csproj", "{5565FDFD-B7E2-4509-AD29-C2870F537F51}"
EndProject
Project("{9A19103F-16F7-4668-BE54-9A1E7A4F7556}") = "Client", "Client\Client\Client.csproj", "{8ECEB024-0110-44DE-984C-78768EBB8D63}"
EndProject
Project("{2150E333-8FDC-42A3-9474-1A3956D46DE8}") = "Targets", "Targets", "{F273D811-75D4-4EE3-90AD-FFF1608338CD}"
EndProject
Project("{9A19103F-16F7-4668-BE54-9A1E7A4F7556}") = "Util.XamariN", "..\..\HoweStandardUtil\Util.XamariN\Util.XamariN.csproj", "{5FE21EBE-0678-4384-80B0-A45764C877B5}"
EndProject
Project("{9A19103F-16F7-4668-BE54-9A1E7A4F7556}") = "DL.Model", "DL.Model\DL.Model.csproj", "{14C8833E-7140-4EF7-A152-17CAE3C46EA9}"
EndProject
Project("{2150E333-8FDC-42A3-9474-1A3956D46DE8}") = "Libraries", "Libraries", "{AE7B08E9-44BD-4A25-AB69-26D4CE20EA4D}"
EndProject
Project("{9A19103F-16F7-4668-BE54-9A1E7A4F7556}") = "UnitTestProject", "UnitTestProject\UnitTestProject.csproj", "{EBC06CD0-36BF-4666-9C00-DCB0BF7568B2}"
EndProject
Project("{9A19103F-16F7-4668-BE54-9A1E7A4F7556}") = "Util.Data_SQLite", "..\..\HoweStandardUtil\Util.Data_SQLite\Util.Data_SQLite.csproj", "{7A22CBD9-8791-443B-A7D4-03411FD55749}"
EndProject
Project("{9A19103F-16F7-4668-BE54-9A1E7A4F7556}") = "Util.XamariN.iOs", "..\..\HoweStandardUtil\Util.XamariN.iOs\Util.XamariN.iOs.csproj", "{7BAE38DE-ED6C-4CC0-925F-ECE110382062}"
EndProject
Project("{9A19103F-16F7-4668-BE54-9A1E7A4F7556}") = "Util.HowesDOMO", "..\..\HoweStandardUtil\Util.HowesDOMO\Util.HowesDOMO.csproj", "{79E7EC63-33B0-4D4E-BB6C-3F7386D6A3AA}"
EndProject
Global
	GlobalSection(SolutionConfigurationPlatforms) = preSolution
		Ad-Hoc|Any CPU = Ad-Hoc|Any CPU
		Ad-Hoc|iPhone = Ad-Hoc|iPhone
		Ad-Hoc|iPhoneSimulator = Ad-Hoc|iPhoneSimulator
		AppStore|Any CPU = AppStore|Any CPU
		AppStore|iPhone = AppStore|iPhone
		AppStore|iPhoneSimulator = AppStore|iPhoneSimulator
		Debug|Any CPU = Debug|Any CPU
		Debug|iPhone = Debug|iPhone
		Debug|iPhoneSimulator = Debug|iPhoneSimulator
		Release|Any CPU = Release|Any CPU
		Release|iPhone = Release|iPhone
		Release|iPhoneSimulator = Release|iPhoneSimulator
	EndGlobalSection
	GlobalSection(ProjectConfigurationPlatforms) = postSolution
		{78DAF9AA-482C-485F-B52A-9328DFE91E64}.Ad-Hoc|Any CPU.ActiveCfg = Release|Any CPU
		{78DAF9AA-482C-485F-B52A-9328DFE91E64}.Ad-Hoc|Any CPU.Build.0 = Release|Any CPU
		{78DAF9AA-482C-485F-B52A-9328DFE91E64}.Ad-Hoc|Any CPU.Deploy.0 = Release|Any CPU
		{78DAF9AA-482C-485F-B52A-9328DFE91E64}.Ad-Hoc|iPhone.ActiveCfg = Release|Any CPU
		{78DAF9AA-482C-485F-B52A-9328DFE91E64}.Ad-Hoc|iPhone.Build.0 = Release|Any CPU
		{78DAF9AA-482C-485F-B52A-9328DFE91E64}.Ad-Hoc|iPhone.Deploy.0 = Release|Any CPU
		{78DAF9AA-482C-485F-B52A-9328DFE91E64}.Ad-Hoc|iPhoneSimulator.ActiveCfg = Release|Any CPU
		{78DAF9AA-482C-485F-B52A-9328DFE91E64}.Ad-Hoc|iPhoneSimulator.Build.0 = Release|Any CPU
		{78DAF9AA-482C-485F-B52A-9328DFE91E64}.Ad-Hoc|iPhoneSimulator.Deploy.0 = Release|Any CPU
		{78DAF9AA-482C-485F-B52A-9328DFE91E64}.AppStore|Any CPU.ActiveCfg = Release|Any CPU
		{78DAF9AA-482C-485F-B52A-9328DFE91E64}.AppStore|Any CPU.Build.0 = Release|Any CPU
		{78DAF9AA-482C-485F-B52A-9328DFE91E64}.AppStore|Any CPU.Deploy.0 = Release|Any CPU
		{78DAF9AA-482C-485F-B52A-9328DFE91E64}.AppStore|iPhone.ActiveCfg = Release|Any CPU
		{78DAF9AA-482C-485F-B52A-9328DFE91E64}.AppStore|iPhone.Build.0 = Release|Any CPU
		{78DAF9AA-482C-485F-B52A-9328DFE91E64}.AppStore|iPhone.Deploy.0 = Release|Any CPU
		{78DAF9AA-482C-485F-B52A-9328DFE91E64}.AppStore|iPhoneSimulator.ActiveCfg = Release|Any CPU
		{78DAF9AA-482C-485F-B52A-9328DFE91E64}.AppStore|iPhoneSimulator.Build.0 = Release|Any CPU
		{78DAF9AA-482C-485F-B52A-9328DFE91E64}.AppStore|iPhoneSimulator.Deploy.0 = Release|Any CPU
		{78DAF9AA-482C-485F-B52A-9328DFE91E64}.Debug|Any CPU.ActiveCfg = Debug|Any CPU
		{78DAF9AA-482C-485F-B52A-9328DFE91E64}.Debug|Any CPU.Build.0 = Debug|Any CPU
		{78DAF9AA-482C-485F-B52A-9328DFE91E64}.Debug|Any CPU.Deploy.0 = Debug|Any CPU
		{78DAF9AA-482C-485F-B52A-9328DFE91E64}.Debug|iPhone.ActiveCfg = Debug|Any CPU
		{78DAF9AA-482C-485F-B52A-9328DFE91E64}.Debug|iPhoneSimulator.ActiveCfg = Debug|Any CPU
		{78DAF9AA-482C-485F-B52A-9328DFE91E64}.Debug|iPhoneSimulator.Build.0 = Debug|Any CPU
		{78DAF9AA-482C-485F-B52A-9328DFE91E64}.Debug|iPhoneSimulator.Deploy.0 = Debug|Any CPU
		{78DAF9AA-482C-485F-B52A-9328DFE91E64}.Release|Any CPU.ActiveCfg = Release|Any CPU
		{78DAF9AA-482C-485F-B52A-9328DFE91E64}.Release|Any CPU.Build.0 = Release|Any CPU
		{78DAF9AA-482C-485F-B52A-9328DFE91E64}.Release|Any CPU.Deploy.0 = Release|Any CPU
		{78DAF9AA-482C-485F-B52A-9328DFE91E64}.Release|iPhone.ActiveCfg = Release|Any CPU
		{78DAF9AA-482C-485F-B52A-9328DFE91E64}.Release|iPhoneSimulator.ActiveCfg = Release|Any CPU
		{78DAF9AA-482C-485F-B52A-9328DFE91E64}.Release|iPhoneSimulator.Build.0 = Release|Any CPU
		{78DAF9AA-482C-485F-B52A-9328DFE91E64}.Release|iPhoneSimulator.Deploy.0 = Release|Any CPU
		{5565FDFD-B7E2-4509-AD29-C2870F537F51}.Ad-Hoc|Any CPU.ActiveCfg = Ad-Hoc|iPhone
		{5565FDFD-B7E2-4509-AD29-C2870F537F51}.Ad-Hoc|iPhone.ActiveCfg = Ad-Hoc|iPhone
		{5565FDFD-B7E2-4509-AD29-C2870F537F51}.Ad-Hoc|iPhone.Build.0 = Ad-Hoc|iPhone
		{5565FDFD-B7E2-4509-AD29-C2870F537F51}.Ad-Hoc|iPhoneSimulator.ActiveCfg = Ad-Hoc|iPhoneSimulator
		{5565FDFD-B7E2-4509-AD29-C2870F537F51}.Ad-Hoc|iPhoneSimulator.Build.0 = Ad-Hoc|iPhoneSimulator
		{5565FDFD-B7E2-4509-AD29-C2870F537F51}.AppStore|Any CPU.ActiveCfg = AppStore|iPhone
		{5565FDFD-B7E2-4509-AD29-C2870F537F51}.AppStore|iPhone.ActiveCfg = AppStore|iPhone
		{5565FDFD-B7E2-4509-AD29-C2870F537F51}.AppStore|iPhone.Build.0 = AppStore|iPhone
		{5565FDFD-B7E2-4509-AD29-C2870F537F51}.AppStore|iPhoneSimulator.ActiveCfg = AppStore|iPhoneSimulator
		{5565FDFD-B7E2-4509-AD29-C2870F537F51}.AppStore|iPhoneSimulator.Build.0 = AppStore|iPhoneSimulator
		{5565FDFD-B7E2-4509-AD29-C2870F537F51}.Debug|Any CPU.ActiveCfg = Debug|iPhone
		{5565FDFD-B7E2-4509-AD29-C2870F537F51}.Debug|iPhone.ActiveCfg = Debug|iPhone
		{5565FDFD-B7E2-4509-AD29-C2870F537F51}.Debug|iPhone.Build.0 = Debug|iPhone
		{5565FDFD-B7E2-4509-AD29-C2870F537F51}.Debug|iPhoneSimulator.ActiveCfg = Debug|iPhoneSimulator
		{5565FDFD-B7E2-4509-AD29-C2870F537F51}.Debug|iPhoneSimulator.Build.0 = Debug|iPhoneSimulator
		{5565FDFD-B7E2-4509-AD29-C2870F537F51}.Release|Any CPU.ActiveCfg = Release|iPhone
		{5565FDFD-B7E2-4509-AD29-C2870F537F51}.Release|iPhone.ActiveCfg = Release|iPhone
		{5565FDFD-B7E2-4509-AD29-C2870F537F51}.Release|iPhone.Build.0 = Release|iPhone
		{5565FDFD-B7E2-4509-AD29-C2870F537F51}.Release|iPhoneSimulator.ActiveCfg = Release|iPhoneSimulator
		{5565FDFD-B7E2-4509-AD29-C2870F537F51}.Release|iPhoneSimulator.Build.0 = Release|iPhoneSimulator
		{8ECEB024-0110-44DE-984C-78768EBB8D63}.Ad-Hoc|Any CPU.ActiveCfg = Debug|Any CPU
		{8ECEB024-0110-44DE-984C-78768EBB8D63}.Ad-Hoc|Any CPU.Build.0 = Debug|Any CPU
		{8ECEB024-0110-44DE-984C-78768EBB8D63}.Ad-Hoc|iPhone.ActiveCfg = Debug|Any CPU
		{8ECEB024-0110-44DE-984C-78768EBB8D63}.Ad-Hoc|iPhone.Build.0 = Debug|Any CPU
		{8ECEB024-0110-44DE-984C-78768EBB8D63}.Ad-Hoc|iPhoneSimulator.ActiveCfg = Debug|Any CPU
		{8ECEB024-0110-44DE-984C-78768EBB8D63}.Ad-Hoc|iPhoneSimulator.Build.0 = Debug|Any CPU
		{8ECEB024-0110-44DE-984C-78768EBB8D63}.AppStore|Any CPU.ActiveCfg = Debug|Any CPU
		{8ECEB024-0110-44DE-984C-78768EBB8D63}.AppStore|Any CPU.Build.0 = Debug|Any CPU
		{8ECEB024-0110-44DE-984C-78768EBB8D63}.AppStore|iPhone.ActiveCfg = Debug|Any CPU
		{8ECEB024-0110-44DE-984C-78768EBB8D63}.AppStore|iPhone.Build.0 = Debug|Any CPU
		{8ECEB024-0110-44DE-984C-78768EBB8D63}.AppStore|iPhoneSimulator.ActiveCfg = Debug|Any CPU
		{8ECEB024-0110-44DE-984C-78768EBB8D63}.AppStore|iPhoneSimulator.Build.0 = Debug|Any CPU
		{8ECEB024-0110-44DE-984C-78768EBB8D63}.Debug|Any CPU.ActiveCfg = Debug|Any CPU
		{8ECEB024-0110-44DE-984C-78768EBB8D63}.Debug|Any CPU.Build.0 = Debug|Any CPU
		{8ECEB024-0110-44DE-984C-78768EBB8D63}.Debug|iPhone.ActiveCfg = Debug|Any CPU
		{8ECEB024-0110-44DE-984C-78768EBB8D63}.Debug|iPhone.Build.0 = Debug|Any CPU
		{8ECEB024-0110-44DE-984C-78768EBB8D63}.Debug|iPhoneSimulator.ActiveCfg = Debug|Any CPU
		{8ECEB024-0110-44DE-984C-78768EBB8D63}.Debug|iPhoneSimulator.Build.0 = Debug|Any CPU
		{8ECEB024-0110-44DE-984C-78768EBB8D63}.Release|Any CPU.ActiveCfg = Release|Any CPU
		{8ECEB024-0110-44DE-984C-78768EBB8D63}.Release|Any CPU.Build.0 = Release|Any CPU
		{8ECEB024-0110-44DE-984C-78768EBB8D63}.Release|iPhone.ActiveCfg = Release|Any CPU
		{8ECEB024-0110-44DE-984C-78768EBB8D63}.Release|iPhone.Build.0 = Release|Any CPU
		{8ECEB024-0110-44DE-984C-78768EBB8D63}.Release|iPhoneSimulator.ActiveCfg = Release|Any CPU
		{8ECEB024-0110-44DE-984C-78768EBB8D63}.Release|iPhoneSimulator.Build.0 = Release|Any CPU
		{5FE21EBE-0678-4384-80B0-A45764C877B5}.Ad-Hoc|Any CPU.ActiveCfg = Debug|Any CPU
		{5FE21EBE-0678-4384-80B0-A45764C877B5}.Ad-Hoc|Any CPU.Build.0 = Debug|Any CPU
		{5FE21EBE-0678-4384-80B0-A45764C877B5}.Ad-Hoc|iPhone.ActiveCfg = Debug|Any CPU
		{5FE21EBE-0678-4384-80B0-A45764C877B5}.Ad-Hoc|iPhone.Build.0 = Debug|Any CPU
		{5FE21EBE-0678-4384-80B0-A45764C877B5}.Ad-Hoc|iPhoneSimulator.ActiveCfg = Debug|Any CPU
		{5FE21EBE-0678-4384-80B0-A45764C877B5}.Ad-Hoc|iPhoneSimulator.Build.0 = Debug|Any CPU
		{5FE21EBE-0678-4384-80B0-A45764C877B5}.AppStore|Any CPU.ActiveCfg = Debug|Any CPU
		{5FE21EBE-0678-4384-80B0-A45764C877B5}.AppStore|Any CPU.Build.0 = Debug|Any CPU
		{5FE21EBE-0678-4384-80B0-A45764C877B5}.AppStore|iPhone.ActiveCfg = Debug|Any CPU
		{5FE21EBE-0678-4384-80B0-A45764C877B5}.AppStore|iPhone.Build.0 = Debug|Any CPU
		{5FE21EBE-0678-4384-80B0-A45764C877B5}.AppStore|iPhoneSimulator.ActiveCfg = Debug|Any CPU
		{5FE21EBE-0678-4384-80B0-A45764C877B5}.AppStore|iPhoneSimulator.Build.0 = Debug|Any CPU
		{5FE21EBE-0678-4384-80B0-A45764C877B5}.Debug|Any CPU.ActiveCfg = Debug|Any CPU
		{5FE21EBE-0678-4384-80B0-A45764C877B5}.Debug|Any CPU.Build.0 = Debug|Any CPU
		{5FE21EBE-0678-4384-80B0-A45764C877B5}.Debug|iPhone.ActiveCfg = Debug|Any CPU
		{5FE21EBE-0678-4384-80B0-A45764C877B5}.Debug|iPhone.Build.0 = Debug|Any CPU
		{5FE21EBE-0678-4384-80B0-A45764C877B5}.Debug|iPhoneSimulator.ActiveCfg = Debug|Any CPU
		{5FE21EBE-0678-4384-80B0-A45764C877B5}.Debug|iPhoneSimulator.Build.0 = Debug|Any CPU
		{5FE21EBE-0678-4384-80B0-A45764C877B5}.Release|Any CPU.ActiveCfg = Release|Any CPU
		{5FE21EBE-0678-4384-80B0-A45764C877B5}.Release|Any CPU.Build.0 = Release|Any CPU
		{5FE21EBE-0678-4384-80B0-A45764C877B5}.Release|iPhone.ActiveCfg = Release|Any CPU
		{5FE21EBE-0678-4384-80B0-A45764C877B5}.Release|iPhone.Build.0 = Release|Any CPU
		{5FE21EBE-0678-4384-80B0-A45764C877B5}.Release|iPhoneSimulator.ActiveCfg = Release|Any CPU
		{5FE21EBE-0678-4384-80B0-A45764C877B5}.Release|iPhoneSimulator.Build.0 = Release|Any CPU
		{14C8833E-7140-4EF7-A152-17CAE3C46EA9}.Ad-Hoc|Any CPU.ActiveCfg = Debug|Any CPU
		{14C8833E-7140-4EF7-A152-17CAE3C46EA9}.Ad-Hoc|Any CPU.Build.0 = Debug|Any CPU
		{14C8833E-7140-4EF7-A152-17CAE3C46EA9}.Ad-Hoc|iPhone.ActiveCfg = Debug|Any CPU
		{14C8833E-7140-4EF7-A152-17CAE3C46EA9}.Ad-Hoc|iPhone.Build.0 = Debug|Any CPU
		{14C8833E-7140-4EF7-A152-17CAE3C46EA9}.Ad-Hoc|iPhoneSimulator.ActiveCfg = Debug|Any CPU
		{14C8833E-7140-4EF7-A152-17CAE3C46EA9}.Ad-Hoc|iPhoneSimulator.Build.0 = Debug|Any CPU
		{14C8833E-7140-4EF7-A152-17CAE3C46EA9}.AppStore|Any CPU.ActiveCfg = Debug|Any CPU
		{14C8833E-7140-4EF7-A152-17CAE3C46EA9}.AppStore|Any CPU.Build.0 = Debug|Any CPU
		{14C8833E-7140-4EF7-A152-17CAE3C46EA9}.AppStore|iPhone.ActiveCfg = Debug|Any CPU
		{14C8833E-7140-4EF7-A152-17CAE3C46EA9}.AppStore|iPhone.Build.0 = Debug|Any CPU
		{14C8833E-7140-4EF7-A152-17CAE3C46EA9}.AppStore|iPhoneSimulator.ActiveCfg = Debug|Any CPU
		{14C8833E-7140-4EF7-A152-17CAE3C46EA9}.AppStore|iPhoneSimulator.Build.0 = Debug|Any CPU
		{14C8833E-7140-4EF7-A152-17CAE3C46EA9}.Debug|Any CPU.ActiveCfg = Debug|Any CPU
		{14C8833E-7140-4EF7-A152-17CAE3C46EA9}.Debug|Any CPU.Build.0 = Debug|Any CPU
		{14C8833E-7140-4EF7-A152-17CAE3C46EA9}.Debug|iPhone.ActiveCfg = Debug|Any CPU
		{14C8833E-7140-4EF7-A152-17CAE3C46EA9}.Debug|iPhone.Build.0 = Debug|Any CPU
		{14C8833E-7140-4EF7-A152-17CAE3C46EA9}.Debug|iPhoneSimulator.ActiveCfg = Debug|Any CPU
		{14C8833E-7140-4EF7-A152-17CAE3C46EA9}.Debug|iPhoneSimulator.Build.0 = Debug|Any CPU
		{14C8833E-7140-4EF7-A152-17CAE3C46EA9}.Release|Any CPU.ActiveCfg = Release|Any CPU
		{14C8833E-7140-4EF7-A152-17CAE3C46EA9}.Release|Any CPU.Build.0 = Release|Any CPU
		{14C8833E-7140-4EF7-A152-17CAE3C46EA9}.Release|iPhone.ActiveCfg = Release|Any CPU
		{14C8833E-7140-4EF7-A152-17CAE3C46EA9}.Release|iPhone.Build.0 = Release|Any CPU
		{14C8833E-7140-4EF7-A152-17CAE3C46EA9}.Release|iPhoneSimulator.ActiveCfg = Release|Any CPU
		{14C8833E-7140-4EF7-A152-17CAE3C46EA9}.Release|iPhoneSimulator.Build.0 = Release|Any CPU
		{EBC06CD0-36BF-4666-9C00-DCB0BF7568B2}.Ad-Hoc|Any CPU.ActiveCfg = Debug|Any CPU
		{EBC06CD0-36BF-4666-9C00-DCB0BF7568B2}.Ad-Hoc|Any CPU.Build.0 = Debug|Any CPU
		{EBC06CD0-36BF-4666-9C00-DCB0BF7568B2}.Ad-Hoc|iPhone.ActiveCfg = Debug|Any CPU
		{EBC06CD0-36BF-4666-9C00-DCB0BF7568B2}.Ad-Hoc|iPhone.Build.0 = Debug|Any CPU
		{EBC06CD0-36BF-4666-9C00-DCB0BF7568B2}.Ad-Hoc|iPhoneSimulator.ActiveCfg = Debug|Any CPU
		{EBC06CD0-36BF-4666-9C00-DCB0BF7568B2}.Ad-Hoc|iPhoneSimulator.Build.0 = Debug|Any CPU
		{EBC06CD0-36BF-4666-9C00-DCB0BF7568B2}.AppStore|Any CPU.ActiveCfg = Debug|Any CPU
		{EBC06CD0-36BF-4666-9C00-DCB0BF7568B2}.AppStore|Any CPU.Build.0 = Debug|Any CPU
		{EBC06CD0-36BF-4666-9C00-DCB0BF7568B2}.AppStore|iPhone.ActiveCfg = Debug|Any CPU
		{EBC06CD0-36BF-4666-9C00-DCB0BF7568B2}.AppStore|iPhone.Build.0 = Debug|Any CPU
		{EBC06CD0-36BF-4666-9C00-DCB0BF7568B2}.AppStore|iPhoneSimulator.ActiveCfg = Debug|Any CPU
		{EBC06CD0-36BF-4666-9C00-DCB0BF7568B2}.AppStore|iPhoneSimulator.Build.0 = Debug|Any CPU
		{EBC06CD0-36BF-4666-9C00-DCB0BF7568B2}.Debug|Any CPU.ActiveCfg = Debug|Any CPU
		{EBC06CD0-36BF-4666-9C00-DCB0BF7568B2}.Debug|Any CPU.Build.0 = Debug|Any CPU
		{EBC06CD0-36BF-4666-9C00-DCB0BF7568B2}.Debug|iPhone.ActiveCfg = Debug|Any CPU
		{EBC06CD0-36BF-4666-9C00-DCB0BF7568B2}.Debug|iPhone.Build.0 = Debug|Any CPU
		{EBC06CD0-36BF-4666-9C00-DCB0BF7568B2}.Debug|iPhoneSimulator.ActiveCfg = Debug|Any CPU
		{EBC06CD0-36BF-4666-9C00-DCB0BF7568B2}.Debug|iPhoneSimulator.Build.0 = Debug|Any CPU
		{EBC06CD0-36BF-4666-9C00-DCB0BF7568B2}.Release|Any CPU.ActiveCfg = Release|Any CPU
		{EBC06CD0-36BF-4666-9C00-DCB0BF7568B2}.Release|Any CPU.Build.0 = Release|Any CPU
		{EBC06CD0-36BF-4666-9C00-DCB0BF7568B2}.Release|iPhone.ActiveCfg = Release|Any CPU
		{EBC06CD0-36BF-4666-9C00-DCB0BF7568B2}.Release|iPhone.Build.0 = Release|Any CPU
		{EBC06CD0-36BF-4666-9C00-DCB0BF7568B2}.Release|iPhoneSimulator.ActiveCfg = Release|Any CPU
		{EBC06CD0-36BF-4666-9C00-DCB0BF7568B2}.Release|iPhoneSimulator.Build.0 = Release|Any CPU
		{7A22CBD9-8791-443B-A7D4-03411FD55749}.Ad-Hoc|Any CPU.ActiveCfg = Debug|Any CPU
		{7A22CBD9-8791-443B-A7D4-03411FD55749}.Ad-Hoc|Any CPU.Build.0 = Debug|Any CPU
		{7A22CBD9-8791-443B-A7D4-03411FD55749}.Ad-Hoc|iPhone.ActiveCfg = Debug|Any CPU
		{7A22CBD9-8791-443B-A7D4-03411FD55749}.Ad-Hoc|iPhone.Build.0 = Debug|Any CPU
		{7A22CBD9-8791-443B-A7D4-03411FD55749}.Ad-Hoc|iPhoneSimulator.ActiveCfg = Debug|Any CPU
		{7A22CBD9-8791-443B-A7D4-03411FD55749}.Ad-Hoc|iPhoneSimulator.Build.0 = Debug|Any CPU
		{7A22CBD9-8791-443B-A7D4-03411FD55749}.AppStore|Any CPU.ActiveCfg = Debug|Any CPU
		{7A22CBD9-8791-443B-A7D4-03411FD55749}.AppStore|Any CPU.Build.0 = Debug|Any CPU
		{7A22CBD9-8791-443B-A7D4-03411FD55749}.AppStore|iPhone.ActiveCfg = Debug|Any CPU
		{7A22CBD9-8791-443B-A7D4-03411FD55749}.AppStore|iPhone.Build.0 = Debug|Any CPU
		{7A22CBD9-8791-443B-A7D4-03411FD55749}.AppStore|iPhoneSimulator.ActiveCfg = Debug|Any CPU
		{7A22CBD9-8791-443B-A7D4-03411FD55749}.AppStore|iPhoneSimulator.Build.0 = Debug|Any CPU
		{7A22CBD9-8791-443B-A7D4-03411FD55749}.Debug|Any CPU.ActiveCfg = Debug|Any CPU
		{7A22CBD9-8791-443B-A7D4-03411FD55749}.Debug|Any CPU.Build.0 = Debug|Any CPU
		{7A22CBD9-8791-443B-A7D4-03411FD55749}.Debug|iPhone.ActiveCfg = Debug|Any CPU
		{7A22CBD9-8791-443B-A7D4-03411FD55749}.Debug|iPhone.Build.0 = Debug|Any CPU
		{7A22CBD9-8791-443B-A7D4-03411FD55749}.Debug|iPhoneSimulator.ActiveCfg = Debug|Any CPU
		{7A22CBD9-8791-443B-A7D4-03411FD55749}.Debug|iPhoneSimulator.Build.0 = Debug|Any CPU
		{7A22CBD9-8791-443B-A7D4-03411FD55749}.Release|Any CPU.ActiveCfg = Release|Any CPU
		{7A22CBD9-8791-443B-A7D4-03411FD55749}.Release|Any CPU.Build.0 = Release|Any CPU
		{7A22CBD9-8791-443B-A7D4-03411FD55749}.Release|iPhone.ActiveCfg = Release|Any CPU
		{7A22CBD9-8791-443B-A7D4-03411FD55749}.Release|iPhone.Build.0 = Release|Any CPU
		{7A22CBD9-8791-443B-A7D4-03411FD55749}.Release|iPhoneSimulator.ActiveCfg = Release|Any CPU
		{7A22CBD9-8791-443B-A7D4-03411FD55749}.Release|iPhoneSimulator.Build.0 = Release|Any CPU
		{7BAE38DE-ED6C-4CC0-925F-ECE110382062}.Ad-Hoc|Any CPU.ActiveCfg = Debug|Any CPU
		{7BAE38DE-ED6C-4CC0-925F-ECE110382062}.Ad-Hoc|Any CPU.Build.0 = Debug|Any CPU
		{7BAE38DE-ED6C-4CC0-925F-ECE110382062}.Ad-Hoc|iPhone.ActiveCfg = Debug|Any CPU
		{7BAE38DE-ED6C-4CC0-925F-ECE110382062}.Ad-Hoc|iPhone.Build.0 = Debug|Any CPU
		{7BAE38DE-ED6C-4CC0-925F-ECE110382062}.Ad-Hoc|iPhoneSimulator.ActiveCfg = Debug|Any CPU
		{7BAE38DE-ED6C-4CC0-925F-ECE110382062}.Ad-Hoc|iPhoneSimulator.Build.0 = Debug|Any CPU
		{7BAE38DE-ED6C-4CC0-925F-ECE110382062}.AppStore|Any CPU.ActiveCfg = Debug|Any CPU
		{7BAE38DE-ED6C-4CC0-925F-ECE110382062}.AppStore|Any CPU.Build.0 = Debug|Any CPU
		{7BAE38DE-ED6C-4CC0-925F-ECE110382062}.AppStore|iPhone.ActiveCfg = Debug|Any CPU
		{7BAE38DE-ED6C-4CC0-925F-ECE110382062}.AppStore|iPhone.Build.0 = Debug|Any CPU
		{7BAE38DE-ED6C-4CC0-925F-ECE110382062}.AppStore|iPhoneSimulator.ActiveCfg = Debug|Any CPU
		{7BAE38DE-ED6C-4CC0-925F-ECE110382062}.AppStore|iPhoneSimulator.Build.0 = Debug|Any CPU
		{7BAE38DE-ED6C-4CC0-925F-ECE110382062}.Debug|Any CPU.ActiveCfg = Debug|Any CPU
		{7BAE38DE-ED6C-4CC0-925F-ECE110382062}.Debug|Any CPU.Build.0 = Debug|Any CPU
		{7BAE38DE-ED6C-4CC0-925F-ECE110382062}.Debug|iPhone.ActiveCfg = Debug|Any CPU
		{7BAE38DE-ED6C-4CC0-925F-ECE110382062}.Debug|iPhone.Build.0 = Debug|Any CPU
		{7BAE38DE-ED6C-4CC0-925F-ECE110382062}.Debug|iPhoneSimulator.ActiveCfg = Debug|Any CPU
		{7BAE38DE-ED6C-4CC0-925F-ECE110382062}.Debug|iPhoneSimulator.Build.0 = Debug|Any CPU
		{7BAE38DE-ED6C-4CC0-925F-ECE110382062}.Release|Any CPU.ActiveCfg = Release|Any CPU
		{7BAE38DE-ED6C-4CC0-925F-ECE110382062}.Release|Any CPU.Build.0 = Release|Any CPU
		{7BAE38DE-ED6C-4CC0-925F-ECE110382062}.Release|iPhone.ActiveCfg = Release|Any CPU
		{7BAE38DE-ED6C-4CC0-925F-ECE110382062}.Release|iPhone.Build.0 = Release|Any CPU
		{7BAE38DE-ED6C-4CC0-925F-ECE110382062}.Release|iPhoneSimulator.ActiveCfg = Release|Any CPU
		{7BAE38DE-ED6C-4CC0-925F-ECE110382062}.Release|iPhoneSimulator.Build.0 = Release|Any CPU
		{79E7EC63-33B0-4D4E-BB6C-3F7386D6A3AA}.Ad-Hoc|Any CPU.ActiveCfg = Debug|Any CPU
		{79E7EC63-33B0-4D4E-BB6C-3F7386D6A3AA}.Ad-Hoc|Any CPU.Build.0 = Debug|Any CPU
		{79E7EC63-33B0-4D4E-BB6C-3F7386D6A3AA}.Ad-Hoc|iPhone.ActiveCfg = Debug|Any CPU
		{79E7EC63-33B0-4D4E-BB6C-3F7386D6A3AA}.Ad-Hoc|iPhone.Build.0 = Debug|Any CPU
		{79E7EC63-33B0-4D4E-BB6C-3F7386D6A3AA}.Ad-Hoc|iPhoneSimulator.ActiveCfg = Debug|Any CPU
		{79E7EC63-33B0-4D4E-BB6C-3F7386D6A3AA}.Ad-Hoc|iPhoneSimulator.Build.0 = Debug|Any CPU
		{79E7EC63-33B0-4D4E-BB6C-3F7386D6A3AA}.AppStore|Any CPU.ActiveCfg = Debug|Any CPU
		{79E7EC63-33B0-4D4E-BB6C-3F7386D6A3AA}.AppStore|Any CPU.Build.0 = Debug|Any CPU
		{79E7EC63-33B0-4D4E-BB6C-3F7386D6A3AA}.AppStore|iPhone.ActiveCfg = Debug|Any CPU
		{79E7EC63-33B0-4D4E-BB6C-3F7386D6A3AA}.AppStore|iPhone.Build.0 = Debug|Any CPU
		{79E7EC63-33B0-4D4E-BB6C-3F7386D6A3AA}.AppStore|iPhoneSimulator.ActiveCfg = Debug|Any CPU
		{79E7EC63-33B0-4D4E-BB6C-3F7386D6A3AA}.AppStore|iPhoneSimulator.Build.0 = Debug|Any CPU
		{79E7EC63-33B0-4D4E-BB6C-3F7386D6A3AA}.Debug|Any CPU.ActiveCfg = Debug|Any CPU
		{79E7EC63-33B0-4D4E-BB6C-3F7386D6A3AA}.Debug|Any CPU.Build.0 = Debug|Any CPU
		{79E7EC63-33B0-4D4E-BB6C-3F7386D6A3AA}.Debug|iPhone.ActiveCfg = Debug|Any CPU
		{79E7EC63-33B0-4D4E-BB6C-3F7386D6A3AA}.Debug|iPhone.Build.0 = Debug|Any CPU
		{79E7EC63-33B0-4D4E-BB6C-3F7386D6A3AA}.Debug|iPhoneSimulator.ActiveCfg = Debug|Any CPU
		{79E7EC63-33B0-4D4E-BB6C-3F7386D6A3AA}.Debug|iPhoneSimulator.Build.0 = Debug|Any CPU
		{79E7EC63-33B0-4D4E-BB6C-3F7386D6A3AA}.Release|Any CPU.ActiveCfg = Release|Any CPU
		{79E7EC63-33B0-4D4E-BB6C-3F7386D6A3AA}.Release|Any CPU.Build.0 = Release|Any CPU
		{79E7EC63-33B0-4D4E-BB6C-3F7386D6A3AA}.Release|iPhone.ActiveCfg = Release|Any CPU
		{79E7EC63-33B0-4D4E-BB6C-3F7386D6A3AA}.Release|iPhone.Build.0 = Release|Any CPU
		{79E7EC63-33B0-4D4E-BB6C-3F7386D6A3AA}.Release|iPhoneSimulator.ActiveCfg = Release|Any CPU
		{79E7EC63-33B0-4D4E-BB6C-3F7386D6A3AA}.Release|iPhoneSimulator.Build.0 = Release|Any CPU
	EndGlobalSection
	GlobalSection(SolutionProperties) = preSolution
		HideSolutionNode = FALSE
	EndGlobalSection
	GlobalSection(NestedProjects) = preSolution
		{78DAF9AA-482C-485F-B52A-9328DFE91E64} = {F273D811-75D4-4EE3-90AD-FFF1608338CD}
		{5565FDFD-B7E2-4509-AD29-C2870F537F51} = {F273D811-75D4-4EE3-90AD-FFF1608338CD}
	EndGlobalSection
	GlobalSection(ExtensibilityGlobals) = postSolution
		SolutionGuid = {0E1808E7-D874-4808-A1AA-3251671EFC93}
	EndGlobalSection
EndGlobal
