
Microsoft Visual Studio Solution File, Format Version 12.00
# Visual Studio 15
VisualStudioVersion = 15.0.27703.2000
MinimumVisualStudioVersion = 10.0.40219.1
Project("{FAE04EC0-301F-11D3-BF4B-00C04F79EFBC}") = "Client.Android", "Client\Client.Android\Client.Android.csproj", "{78DAF9AA-482C-485F-B52A-9328DFE91E64}"
EndProject
Project("{FAE04EC0-301F-11D3-BF4B-00C04F79EFBC}") = "Client.iOS", "Client\Client.iOS\Client.iOS.csproj", "{5565FDFD-B7E2-4509-AD29-C2870F537F51}"
EndProject
Project("{9A19103F-16F7-4668-BE54-9A1E7A4F7556}") = "Client", "Client\Client\Client.csproj", "{8ECEB024-0110-44DE-984C-78768EBB8D63}"
EndProject
Project("{2150E333-8FDC-42A3-9474-1A3956D46DE8}") = "Targets", "Targets", "{F273D811-75D4-4EE3-90AD-FFF1608338CD}"
EndProject
Project("{9A19103F-16F7-4668-BE54-9A1E7A4F7556}") = "Util", "..\..\HoweStandardUtil\Util\Util.csproj", "{275AF5F5-7F5B-406E-8FB5-7215E1FD96A6}"
EndProject
Project("{9A19103F-16F7-4668-BE54-9A1E7A4F7556}") = "Util.XamariN", "..\..\HoweStandardUtil\Util.XamariN\Util.XamariN.csproj", "{5FE21EBE-0678-4384-80B0-A45764C877B5}"
EndProject
Project("{9A19103F-16F7-4668-BE54-9A1E7A4F7556}") = "Util.XamariN.AndroiD", "..\..\HoweStandardUtil\Util.XamariN.AndroiD\Util.XamariN.AndroiD.csproj", "{A27732F0-4804-4F67-82D1-63CCAED0F8F0}"
EndProject
Project("{9A19103F-16F7-4668-BE54-9A1E7A4F7556}") = "DL.Model", "DL.Model\DL.Model.csproj", "{14C8833E-7140-4EF7-A152-17CAE3C46EA9}"
EndProject
Project("{2150E333-8FDC-42A3-9474-1A3956D46DE8}") = "Libraries", "Libraries", "{AE7B08E9-44BD-4A25-AB69-26D4CE20EA4D}"
EndProject
Project("{FAE04EC0-301F-11D3-BF4B-00C04F79EFBC}") = "BindingLibrary.BaiduLBS", "..\..\HoweXamarinBindingLibraries\BindingLibrary.BaiduLBS\BindingLibrary.BaiduLBS.csproj", "{40E8567D-D855-472A-AABC-176498433A33}"
EndProject
Project("{9A19103F-16F7-4668-BE54-9A1E7A4F7556}") = "Util.Excel.Aspose", "..\..\HoweStandardUtil\Util.Excel.Aspose\Util.Excel.Aspose.csproj", "{4D113A8C-1EBE-4F01-91D6-0A86A8227675}"
EndProject
Global
	GlobalSection(SolutionConfigurationPlatforms) = preSolution
		Ad-Hoc|Any CPU = Ad-Hoc|Any CPU
		Ad-Hoc|iPhone = Ad-Hoc|iPhone
		Ad-Hoc|iPhoneSimulator = Ad-Hoc|iPhoneSimulator
		AppStore|Any CPU = AppStore|Any CPU
		AppStore|iPhone = AppStore|iPhone
		AppStore|iPhoneSimulator = AppStore|iPhoneSimulator
		Debug|Any CPU = Debug|Any CPU
		Debug|iPhone = Debug|iPhone
		Debug|iPhoneSimulator = Debug|iPhoneSimulator
		Release|Any CPU = Release|Any CPU
		Release|iPhone = Release|iPhone
		Release|iPhoneSimulator = Release|iPhoneSimulator
	EndGlobalSection
	GlobalSection(ProjectConfigurationPlatforms) = postSolution
		{78DAF9AA-482C-485F-B52A-9328DFE91E64}.Ad-Hoc|Any CPU.ActiveCfg = Release|Any CPU
		{78DAF9AA-482C-485F-B52A-9328DFE91E64}.Ad-Hoc|Any CPU.Build.0 = Release|Any CPU
		{78DAF9AA-482C-485F-B52A-9328DFE91E64}.Ad-Hoc|Any CPU.Deploy.0 = Release|Any CPU
		{78DAF9AA-482C-485F-B52A-9328DFE91E64}.Ad-Hoc|iPhone.ActiveCfg = Release|Any CPU
		{78DAF9AA-482C-485F-B52A-9328DFE91E64}.Ad-Hoc|iPhone.Build.0 = Release|Any CPU
		{78DAF9AA-482C-485F-B52A-9328DFE91E64}.Ad-Hoc|iPhone.Deploy.0 = Release|Any CPU
		{78DAF9AA-482C-485F-B52A-9328DFE91E64}.Ad-Hoc|iPhoneSimulator.ActiveCfg = Release|Any CPU
		{78DAF9AA-482C-485F-B52A-9328DFE91E64}.Ad-Hoc|iPhoneSimulator.Build.0 = Release|Any CPU
		{78DAF9AA-482C-485F-B52A-9328DFE91E64}.Ad-Hoc|iPhoneSimulator.Deploy.0 = Release|Any CPU
		{78DAF9AA-482C-485F-B52A-9328DFE91E64}.AppStore|Any CPU.ActiveCfg = Release|Any CPU
		{78DAF9AA-482C-485F-B52A-9328DFE91E64}.AppStore|Any CPU.Build.0 = Release|Any CPU
		{78DAF9AA-482C-485F-B52A-9328DFE91E64}.AppStore|Any CPU.Deploy.0 = Release|Any CPU
		{78DAF9AA-482C-485F-B52A-9328DFE91E64}.AppStore|iPhone.ActiveCfg = Release|Any CPU
		{78DAF9AA-482C-485F-B52A-9328DFE91E64}.AppStore|iPhone.Build.0 = Release|Any CPU
		{78DAF9AA-482C-485F-B52A-9328DFE91E64}.AppStore|iPhone.Deploy.0 = Release|Any CPU
		{78DAF9AA-482C-485F-B52A-9328DFE91E64}.AppStore|iPhoneSimulator.ActiveCfg = Release|Any CPU
		{78DAF9AA-482C-485F-B52A-9328DFE91E64}.AppStore|iPhoneSimulator.Build.0 = Release|Any CPU
		{78DAF9AA-482C-485F-B52A-9328DFE91E64}.AppStore|iPhoneSimulator.Deploy.0 = Release|Any CPU
		{78DAF9AA-482C-485F-B52A-9328DFE91E64}.Debug|Any CPU.ActiveCfg = Debug|Any CPU
		{78DAF9AA-482C-485F-B52A-9328DFE91E64}.Debug|Any CPU.Build.0 = Debug|Any CPU
		{78DAF9AA-482C-485F-B52A-9328DFE91E64}.Debug|Any CPU.Deploy.0 = Debug|Any CPU
		{78DAF9AA-482C-485F-B52A-9328DFE91E64}.Debug|iPhone.ActiveCfg = Debug|Any CPU
		{78DAF9AA-482C-485F-B52A-9328DFE91E64}.Debug|iPhone.Build.0 = Debug|Any CPU
		{78DAF9AA-482C-485F-B52A-9328DFE91E64}.Debug|iPhone.Deploy.0 = Debug|Any CPU
		{78DAF9AA-482C-485F-B52A-9328DFE91E64}.Debug|iPhoneSimulator.ActiveCfg = Debug|Any CPU
		{78DAF9AA-482C-485F-B52A-9328DFE91E64}.Debug|iPhoneSimulator.Build.0 = Debug|Any CPU
		{78DAF9AA-482C-485F-B52A-9328DFE91E64}.Debug|iPhoneSimulator.Deploy.0 = Debug|Any CPU
		{78DAF9AA-482C-485F-B52A-9328DFE91E64}.Release|Any CPU.ActiveCfg = Release|Any CPU
		{78DAF9AA-482C-485F-B52A-9328DFE91E64}.Release|Any CPU.Build.0 = Release|Any CPU
		{78DAF9AA-482C-485F-B52A-9328DFE91E64}.Release|Any CPU.Deploy.0 = Release|Any CPU
		{78DAF9AA-482C-485F-B52A-9328DFE91E64}.Release|iPhone.ActiveCfg = Release|Any CPU
		{78DAF9AA-482C-485F-B52A-9328DFE91E64}.Release|iPhone.Build.0 = Release|Any CPU
		{78DAF9AA-482C-485F-B52A-9328DFE91E64}.Release|iPhone.Deploy.0 = Release|Any CPU
		{78DAF9AA-482C-485F-B52A-9328DFE91E64}.Release|iPhoneSimulator.ActiveCfg = Release|Any CPU
		{78DAF9AA-482C-485F-B52A-9328DFE91E64}.Release|iPhoneSimulator.Build.0 = Release|Any CPU
		{78DAF9AA-482C-485F-B52A-9328DFE91E64}.Release|iPhoneSimulator.Deploy.0 = Release|Any CPU
		{5565FDFD-B7E2-4509-AD29-C2870F537F51}.Ad-Hoc|Any CPU.ActiveCfg = Ad-Hoc|iPhone
		{5565FDFD-B7E2-4509-AD29-C2870F537F51}.Ad-Hoc|iPhone.ActiveCfg = Ad-Hoc|iPhone
		{5565FDFD-B7E2-4509-AD29-C2870F537F51}.Ad-Hoc|iPhone.Build.0 = Ad-Hoc|iPhone
		{5565FDFD-B7E2-4509-AD29-C2870F537F51}.Ad-Hoc|iPhoneSimulator.ActiveCfg = Ad-Hoc|iPhoneSimulator
		{5565FDFD-B7E2-4509-AD29-C2870F537F51}.Ad-Hoc|iPhoneSimulator.Build.0 = Ad-Hoc|iPhoneSimulator
		{5565FDFD-B7E2-4509-AD29-C2870F537F51}.AppStore|Any CPU.ActiveCfg = AppStore|iPhone
		{5565FDFD-B7E2-4509-AD29-C2870F537F51}.AppStore|iPhone.ActiveCfg = AppStore|iPhone
		{5565FDFD-B7E2-4509-AD29-C2870F537F51}.AppStore|iPhone.Build.0 = AppStore|iPhone
		{5565FDFD-B7E2-4509-AD29-C2870F537F51}.AppStore|iPhoneSimulator.ActiveCfg = AppStore|iPhoneSimulator
		{5565FDFD-B7E2-4509-AD29-C2870F537F51}.AppStore|iPhoneSimulator.Build.0 = AppStore|iPhoneSimulator
		{5565FDFD-B7E2-4509-AD29-C2870F537F51}.Debug|Any CPU.ActiveCfg = Debug|iPhone
		{5565FDFD-B7E2-4509-AD29-C2870F537F51}.Debug|iPhone.ActiveCfg = Debug|iPhone
		{5565FDFD-B7E2-4509-AD29-C2870F537F51}.Debug|iPhone.Build.0 = Debug|iPhone
		{5565FDFD-B7E2-4509-AD29-C2870F537F51}.Debug|iPhoneSimulator.ActiveCfg = Debug|iPhoneSimulator
		{5565FDFD-B7E2-4509-AD29-C2870F537F51}.Debug|iPhoneSimulator.Build.0 = Debug|iPhoneSimulator
		{5565FDFD-B7E2-4509-AD29-C2870F537F51}.Release|Any CPU.ActiveCfg = Release|iPhone
		{5565FDFD-B7E2-4509-AD29-C2870F537F51}.Release|iPhone.ActiveCfg = Release|iPhone
		{5565FDFD-B7E2-4509-AD29-C2870F537F51}.Release|iPhone.Build.0 = Release|iPhone
		{5565FDFD-B7E2-4509-AD29-C2870F537F51}.Release|iPhoneSimulator.ActiveCfg = Release|iPhoneSimulator
		{5565FDFD-B7E2-4509-AD29-C2870F537F51}.Release|iPhoneSimulator.Build.0 = Release|iPhoneSimulator
		{8ECEB024-0110-44DE-984C-78768EBB8D63}.Ad-Hoc|Any CPU.ActiveCfg = Debug|Any CPU
		{8ECEB024-0110-44DE-984C-78768EBB8D63}.Ad-Hoc|Any CPU.Build.0 = Debug|Any CPU
		{8ECEB024-0110-44DE-984C-78768EBB8D63}.Ad-Hoc|iPhone.ActiveCfg = Debug|Any CPU
		{8ECEB024-0110-44DE-984C-78768EBB8D63}.Ad-Hoc|iPhone.Build.0 = Debug|Any CPU
		{8ECEB024-0110-44DE-984C-78768EBB8D63}.Ad-Hoc|iPhoneSimulator.ActiveCfg = Debug|Any CPU
		{8ECEB024-0110-44DE-984C-78768EBB8D63}.Ad-Hoc|iPhoneSimulator.Build.0 = Debug|Any CPU
		{8ECEB024-0110-44DE-984C-78768EBB8D63}.AppStore|Any CPU.ActiveCfg = Debug|Any CPU
		{8ECEB024-0110-44DE-984C-78768EBB8D63}.AppStore|Any CPU.Build.0 = Debug|Any CPU
		{8ECEB024-0110-44DE-984C-78768EBB8D63}.AppStore|iPhone.ActiveCfg = Debug|Any CPU
		{8ECEB024-0110-44DE-984C-78768EBB8D63}.AppStore|iPhone.Build.0 = Debug|Any CPU
		{8ECEB024-0110-44DE-984C-78768EBB8D63}.AppStore|iPhoneSimulator.ActiveCfg = Debug|Any CPU
		{8ECEB024-0110-44DE-984C-78768EBB8D63}.AppStore|iPhoneSimulator.Build.0 = Debug|Any CPU
		{8ECEB024-0110-44DE-984C-78768EBB8D63}.Debug|Any CPU.ActiveCfg = Debug|Any CPU
		{8ECEB024-0110-44DE-984C-78768EBB8D63}.Debug|Any CPU.Build.0 = Debug|Any CPU
		{8ECEB024-0110-44DE-984C-78768EBB8D63}.Debug|iPhone.ActiveCfg = Debug|Any CPU
		{8ECEB024-0110-44DE-984C-78768EBB8D63}.Debug|iPhone.Build.0 = Debug|Any CPU
		{8ECEB024-0110-44DE-984C-78768EBB8D63}.Debug|iPhoneSimulator.ActiveCfg = Debug|Any CPU
		{8ECEB024-0110-44DE-984C-78768EBB8D63}.Debug|iPhoneSimulator.Build.0 = Debug|Any CPU
		{8ECEB024-0110-44DE-984C-78768EBB8D63}.Release|Any CPU.ActiveCfg = Release|Any CPU
		{8ECEB024-0110-44DE-984C-78768EBB8D63}.Release|Any CPU.Build.0 = Release|Any CPU
		{8ECEB024-0110-44DE-984C-78768EBB8D63}.Release|iPhone.ActiveCfg = Release|Any CPU
		{8ECEB024-0110-44DE-984C-78768EBB8D63}.Release|iPhone.Build.0 = Release|Any CPU
		{8ECEB024-0110-44DE-984C-78768EBB8D63}.Release|iPhoneSimulator.ActiveCfg = Release|Any CPU
		{8ECEB024-0110-44DE-984C-78768EBB8D63}.Release|iPhoneSimulator.Build.0 = Release|Any CPU
		{275AF5F5-7F5B-406E-8FB5-7215E1FD96A6}.Ad-Hoc|Any CPU.ActiveCfg = Debug|Any CPU
		{275AF5F5-7F5B-406E-8FB5-7215E1FD96A6}.Ad-Hoc|Any CPU.Build.0 = Debug|Any CPU
		{275AF5F5-7F5B-406E-8FB5-7215E1FD96A6}.Ad-Hoc|iPhone.ActiveCfg = Debug|Any CPU
		{275AF5F5-7F5B-406E-8FB5-7215E1FD96A6}.Ad-Hoc|iPhone.Build.0 = Debug|Any CPU
		{275AF5F5-7F5B-406E-8FB5-7215E1FD96A6}.Ad-Hoc|iPhoneSimulator.ActiveCfg = Debug|Any CPU
		{275AF5F5-7F5B-406E-8FB5-7215E1FD96A6}.Ad-Hoc|iPhoneSimulator.Build.0 = Debug|Any CPU
		{275AF5F5-7F5B-406E-8FB5-7215E1FD96A6}.AppStore|Any CPU.ActiveCfg = Debug|Any CPU
		{275AF5F5-7F5B-406E-8FB5-7215E1FD96A6}.AppStore|Any CPU.Build.0 = Debug|Any CPU
		{275AF5F5-7F5B-406E-8FB5-7215E1FD96A6}.AppStore|iPhone.ActiveCfg = Debug|Any CPU
		{275AF5F5-7F5B-406E-8FB5-7215E1FD96A6}.AppStore|iPhone.Build.0 = Debug|Any CPU
		{275AF5F5-7F5B-406E-8FB5-7215E1FD96A6}.AppStore|iPhoneSimulator.ActiveCfg = Debug|Any CPU
		{275AF5F5-7F5B-406E-8FB5-7215E1FD96A6}.AppStore|iPhoneSimulator.Build.0 = Debug|Any CPU
		{275AF5F5-7F5B-406E-8FB5-7215E1FD96A6}.Debug|Any CPU.ActiveCfg = Debug|Any CPU
		{275AF5F5-7F5B-406E-8FB5-7215E1FD96A6}.Debug|Any CPU.Build.0 = Debug|Any CPU
		{275AF5F5-7F5B-406E-8FB5-7215E1FD96A6}.Debug|iPhone.ActiveCfg = Debug|Any CPU
		{275AF5F5-7F5B-406E-8FB5-7215E1FD96A6}.Debug|iPhone.Build.0 = Debug|Any CPU
		{275AF5F5-7F5B-406E-8FB5-7215E1FD96A6}.Debug|iPhoneSimulator.ActiveCfg = Debug|Any CPU
		{275AF5F5-7F5B-406E-8FB5-7215E1FD96A6}.Debug|iPhoneSimulator.Build.0 = Debug|Any CPU
		{275AF5F5-7F5B-406E-8FB5-7215E1FD96A6}.Release|Any CPU.ActiveCfg = Release|Any CPU
		{275AF5F5-7F5B-406E-8FB5-7215E1FD96A6}.Release|Any CPU.Build.0 = Release|Any CPU
		{275AF5F5-7F5B-406E-8FB5-7215E1FD96A6}.Release|iPhone.ActiveCfg = Release|Any CPU
		{275AF5F5-7F5B-406E-8FB5-7215E1FD96A6}.Release|iPhone.Build.0 = Release|Any CPU
		{275AF5F5-7F5B-406E-8FB5-7215E1FD96A6}.Release|iPhoneSimulator.ActiveCfg = Release|Any CPU
		{275AF5F5-7F5B-406E-8FB5-7215E1FD96A6}.Release|iPhoneSimulator.Build.0 = Release|Any CPU
		{5FE21EBE-0678-4384-80B0-A45764C877B5}.Ad-Hoc|Any CPU.ActiveCfg = Debug|Any CPU
		{5FE21EBE-0678-4384-80B0-A45764C877B5}.Ad-Hoc|Any CPU.Build.0 = Debug|Any CPU
		{5FE21EBE-0678-4384-80B0-A45764C877B5}.Ad-Hoc|iPhone.ActiveCfg = Debug|Any CPU
		{5FE21EBE-0678-4384-80B0-A45764C877B5}.Ad-Hoc|iPhone.Build.0 = Debug|Any CPU
		{5FE21EBE-0678-4384-80B0-A45764C877B5}.Ad-Hoc|iPhoneSimulator.ActiveCfg = Debug|Any CPU
		{5FE21EBE-0678-4384-80B0-A45764C877B5}.Ad-Hoc|iPhoneSimulator.Build.0 = Debug|Any CPU
		{5FE21EBE-0678-4384-80B0-A45764C877B5}.AppStore|Any CPU.ActiveCfg = Debug|Any CPU
		{5FE21EBE-0678-4384-80B0-A45764C877B5}.AppStore|Any CPU.Build.0 = Debug|Any CPU
		{5FE21EBE-0678-4384-80B0-A45764C877B5}.AppStore|iPhone.ActiveCfg = Debug|Any CPU
		{5FE21EBE-0678-4384-80B0-A45764C877B5}.AppStore|iPhone.Build.0 = Debug|Any CPU
		{5FE21EBE-0678-4384-80B0-A45764C877B5}.AppStore|iPhoneSimulator.ActiveCfg = Debug|Any CPU
		{5FE21EBE-0678-4384-80B0-A45764C877B5}.AppStore|iPhoneSimulator.Build.0 = Debug|Any CPU
		{5FE21EBE-0678-4384-80B0-A45764C877B5}.Debug|Any CPU.ActiveCfg = Debug|Any CPU
		{5FE21EBE-0678-4384-80B0-A45764C877B5}.Debug|Any CPU.Build.0 = Debug|Any CPU
		{5FE21EBE-0678-4384-80B0-A45764C877B5}.Debug|iPhone.ActiveCfg = Debug|Any CPU
		{5FE21EBE-0678-4384-80B0-A45764C877B5}.Debug|iPhone.Build.0 = Debug|Any CPU
		{5FE21EBE-0678-4384-80B0-A45764C877B5}.Debug|iPhoneSimulator.ActiveCfg = Debug|Any CPU
		{5FE21EBE-0678-4384-80B0-A45764C877B5}.Debug|iPhoneSimulator.Build.0 = Debug|Any CPU
		{5FE21EBE-0678-4384-80B0-A45764C877B5}.Release|Any CPU.ActiveCfg = Release|Any CPU
		{5FE21EBE-0678-4384-80B0-A45764C877B5}.Release|Any CPU.Build.0 = Release|Any CPU
		{5FE21EBE-0678-4384-80B0-A45764C877B5}.Release|iPhone.ActiveCfg = Release|Any CPU
		{5FE21EBE-0678-4384-80B0-A45764C877B5}.Release|iPhone.Build.0 = Release|Any CPU
		{5FE21EBE-0678-4384-80B0-A45764C877B5}.Release|iPhoneSimulator.ActiveCfg = Release|Any CPU
		{5FE21EBE-0678-4384-80B0-A45764C877B5}.Release|iPhoneSimulator.Build.0 = Release|Any CPU
		{A27732F0-4804-4F67-82D1-63CCAED0F8F0}.Ad-Hoc|Any CPU.ActiveCfg = Debug|Any CPU
		{A27732F0-4804-4F67-82D1-63CCAED0F8F0}.Ad-Hoc|Any CPU.Build.0 = Debug|Any CPU
		{A27732F0-4804-4F67-82D1-63CCAED0F8F0}.Ad-Hoc|iPhone.ActiveCfg = Debug|Any CPU
		{A27732F0-4804-4F67-82D1-63CCAED0F8F0}.Ad-Hoc|iPhone.Build.0 = Debug|Any CPU
		{A27732F0-4804-4F67-82D1-63CCAED0F8F0}.Ad-Hoc|iPhoneSimulator.ActiveCfg = Debug|Any CPU
		{A27732F0-4804-4F67-82D1-63CCAED0F8F0}.Ad-Hoc|iPhoneSimulator.Build.0 = Debug|Any CPU
		{A27732F0-4804-4F67-82D1-63CCAED0F8F0}.AppStore|Any CPU.ActiveCfg = Debug|Any CPU
		{A27732F0-4804-4F67-82D1-63CCAED0F8F0}.AppStore|Any CPU.Build.0 = Debug|Any CPU
		{A27732F0-4804-4F67-82D1-63CCAED0F8F0}.AppStore|iPhone.ActiveCfg = Debug|Any CPU
		{A27732F0-4804-4F67-82D1-63CCAED0F8F0}.AppStore|iPhone.Build.0 = Debug|Any CPU
		{A27732F0-4804-4F67-82D1-63CCAED0F8F0}.AppStore|iPhoneSimulator.ActiveCfg = Debug|Any CPU
		{A27732F0-4804-4F67-82D1-63CCAED0F8F0}.AppStore|iPhoneSimulator.Build.0 = Debug|Any CPU
		{A27732F0-4804-4F67-82D1-63CCAED0F8F0}.Debug|Any CPU.ActiveCfg = Debug|Any CPU
		{A27732F0-4804-4F67-82D1-63CCAED0F8F0}.Debug|Any CPU.Build.0 = Debug|Any CPU
		{A27732F0-4804-4F67-82D1-63CCAED0F8F0}.Debug|iPhone.ActiveCfg = Debug|Any CPU
		{A27732F0-4804-4F67-82D1-63CCAED0F8F0}.Debug|iPhone.Build.0 = Debug|Any CPU
		{A27732F0-4804-4F67-82D1-63CCAED0F8F0}.Debug|iPhoneSimulator.ActiveCfg = Debug|Any CPU
		{A27732F0-4804-4F67-82D1-63CCAED0F8F0}.Debug|iPhoneSimulator.Build.0 = Debug|Any CPU
		{A27732F0-4804-4F67-82D1-63CCAED0F8F0}.Release|Any CPU.ActiveCfg = Release|Any CPU
		{A27732F0-4804-4F67-82D1-63CCAED0F8F0}.Release|Any CPU.Build.0 = Release|Any CPU
		{A27732F0-4804-4F67-82D1-63CCAED0F8F0}.Release|iPhone.ActiveCfg = Release|Any CPU
		{A27732F0-4804-4F67-82D1-63CCAED0F8F0}.Release|iPhone.Build.0 = Release|Any CPU
		{A27732F0-4804-4F67-82D1-63CCAED0F8F0}.Release|iPhoneSimulator.ActiveCfg = Release|Any CPU
		{A27732F0-4804-4F67-82D1-63CCAED0F8F0}.Release|iPhoneSimulator.Build.0 = Release|Any CPU
		{14C8833E-7140-4EF7-A152-17CAE3C46EA9}.Ad-Hoc|Any CPU.ActiveCfg = Debug|Any CPU
		{14C8833E-7140-4EF7-A152-17CAE3C46EA9}.Ad-Hoc|Any CPU.Build.0 = Debug|Any CPU
		{14C8833E-7140-4EF7-A152-17CAE3C46EA9}.Ad-Hoc|iPhone.ActiveCfg = Debug|Any CPU
		{14C8833E-7140-4EF7-A152-17CAE3C46EA9}.Ad-Hoc|iPhone.Build.0 = Debug|Any CPU
		{14C8833E-7140-4EF7-A152-17CAE3C46EA9}.Ad-Hoc|iPhoneSimulator.ActiveCfg = Debug|Any CPU
		{14C8833E-7140-4EF7-A152-17CAE3C46EA9}.Ad-Hoc|iPhoneSimulator.Build.0 = Debug|Any CPU
		{14C8833E-7140-4EF7-A152-17CAE3C46EA9}.AppStore|Any CPU.ActiveCfg = Debug|Any CPU
		{14C8833E-7140-4EF7-A152-17CAE3C46EA9}.AppStore|Any CPU.Build.0 = Debug|Any CPU
		{14C8833E-7140-4EF7-A152-17CAE3C46EA9}.AppStore|iPhone.ActiveCfg = Debug|Any CPU
		{14C8833E-7140-4EF7-A152-17CAE3C46EA9}.AppStore|iPhone.Build.0 = Debug|Any CPU
		{14C8833E-7140-4EF7-A152-17CAE3C46EA9}.AppStore|iPhoneSimulator.ActiveCfg = Debug|Any CPU
		{14C8833E-7140-4EF7-A152-17CAE3C46EA9}.AppStore|iPhoneSimulator.Build.0 = Debug|Any CPU
		{14C8833E-7140-4EF7-A152-17CAE3C46EA9}.Debug|Any CPU.ActiveCfg = Debug|Any CPU
		{14C8833E-7140-4EF7-A152-17CAE3C46EA9}.Debug|Any CPU.Build.0 = Debug|Any CPU
		{14C8833E-7140-4EF7-A152-17CAE3C46EA9}.Debug|iPhone.ActiveCfg = Debug|Any CPU
		{14C8833E-7140-4EF7-A152-17CAE3C46EA9}.Debug|iPhone.Build.0 = Debug|Any CPU
		{14C8833E-7140-4EF7-A152-17CAE3C46EA9}.Debug|iPhoneSimulator.ActiveCfg = Debug|Any CPU
		{14C8833E-7140-4EF7-A152-17CAE3C46EA9}.Debug|iPhoneSimulator.Build.0 = Debug|Any CPU
		{14C8833E-7140-4EF7-A152-17CAE3C46EA9}.Release|Any CPU.ActiveCfg = Release|Any CPU
		{14C8833E-7140-4EF7-A152-17CAE3C46EA9}.Release|Any CPU.Build.0 = Release|Any CPU
		{14C8833E-7140-4EF7-A152-17CAE3C46EA9}.Release|iPhone.ActiveCfg = Release|Any CPU
		{14C8833E-7140-4EF7-A152-17CAE3C46EA9}.Release|iPhone.Build.0 = Release|Any CPU
		{14C8833E-7140-4EF7-A152-17CAE3C46EA9}.Release|iPhoneSimulator.ActiveCfg = Release|Any CPU
		{14C8833E-7140-4EF7-A152-17CAE3C46EA9}.Release|iPhoneSimulator.Build.0 = Release|Any CPU
		{40E8567D-D855-472A-AABC-176498433A33}.Ad-Hoc|Any CPU.ActiveCfg = Release|Any CPU
		{40E8567D-D855-472A-AABC-176498433A33}.Ad-Hoc|Any CPU.Build.0 = Release|Any CPU
		{40E8567D-D855-472A-AABC-176498433A33}.Ad-Hoc|iPhone.ActiveCfg = Release|Any CPU
		{40E8567D-D855-472A-AABC-176498433A33}.Ad-Hoc|iPhone.Build.0 = Release|Any CPU
		{40E8567D-D855-472A-AABC-176498433A33}.Ad-Hoc|iPhoneSimulator.ActiveCfg = Release|Any CPU
		{40E8567D-D855-472A-AABC-176498433A33}.Ad-Hoc|iPhoneSimulator.Build.0 = Release|Any CPU
		{40E8567D-D855-472A-AABC-176498433A33}.AppStore|Any CPU.ActiveCfg = Release|Any CPU
		{40E8567D-D855-472A-AABC-176498433A33}.AppStore|Any CPU.Build.0 = Release|Any CPU
		{40E8567D-D855-472A-AABC-176498433A33}.AppStore|iPhone.ActiveCfg = Release|Any CPU
		{40E8567D-D855-472A-AABC-176498433A33}.AppStore|iPhone.Build.0 = Release|Any CPU
		{40E8567D-D855-472A-AABC-176498433A33}.AppStore|iPhoneSimulator.ActiveCfg = Release|Any CPU
		{40E8567D-D855-472A-AABC-176498433A33}.AppStore|iPhoneSimulator.Build.0 = Release|Any CPU
		{40E8567D-D855-472A-AABC-176498433A33}.Debug|Any CPU.ActiveCfg = Debug|Any CPU
		{40E8567D-D855-472A-AABC-176498433A33}.Debug|Any CPU.Build.0 = Debug|Any CPU
		{40E8567D-D855-472A-AABC-176498433A33}.Debug|iPhone.ActiveCfg = Debug|Any CPU
		{40E8567D-D855-472A-AABC-176498433A33}.Debug|iPhone.Build.0 = Debug|Any CPU
		{40E8567D-D855-472A-AABC-176498433A33}.Debug|iPhoneSimulator.ActiveCfg = Debug|Any CPU
		{40E8567D-D855-472A-AABC-176498433A33}.Debug|iPhoneSimulator.Build.0 = Debug|Any CPU
		{40E8567D-D855-472A-AABC-176498433A33}.Release|Any CPU.ActiveCfg = Release|Any CPU
		{40E8567D-D855-472A-AABC-176498433A33}.Release|Any CPU.Build.0 = Release|Any CPU
		{40E8567D-D855-472A-AABC-176498433A33}.Release|iPhone.ActiveCfg = Release|Any CPU
		{40E8567D-D855-472A-AABC-176498433A33}.Release|iPhone.Build.0 = Release|Any CPU
		{40E8567D-D855-472A-AABC-176498433A33}.Release|iPhoneSimulator.ActiveCfg = Release|Any CPU
		{40E8567D-D855-472A-AABC-176498433A33}.Release|iPhoneSimulator.Build.0 = Release|Any CPU
		{4D113A8C-1EBE-4F01-91D6-0A86A8227675}.Ad-Hoc|Any CPU.ActiveCfg = Debug|Any CPU
		{4D113A8C-1EBE-4F01-91D6-0A86A8227675}.Ad-Hoc|Any CPU.Build.0 = Debug|Any CPU
		{4D113A8C-1EBE-4F01-91D6-0A86A8227675}.Ad-Hoc|iPhone.ActiveCfg = Debug|Any CPU
		{4D113A8C-1EBE-4F01-91D6-0A86A8227675}.Ad-Hoc|iPhone.Build.0 = Debug|Any CPU
		{4D113A8C-1EBE-4F01-91D6-0A86A8227675}.Ad-Hoc|iPhoneSimulator.ActiveCfg = Debug|Any CPU
		{4D113A8C-1EBE-4F01-91D6-0A86A8227675}.Ad-Hoc|iPhoneSimulator.Build.0 = Debug|Any CPU
		{4D113A8C-1EBE-4F01-91D6-0A86A8227675}.AppStore|Any CPU.ActiveCfg = Debug|Any CPU
		{4D113A8C-1EBE-4F01-91D6-0A86A8227675}.AppStore|Any CPU.Build.0 = Debug|Any CPU
		{4D113A8C-1EBE-4F01-91D6-0A86A8227675}.AppStore|iPhone.ActiveCfg = Debug|Any CPU
		{4D113A8C-1EBE-4F01-91D6-0A86A8227675}.AppStore|iPhone.Build.0 = Debug|Any CPU
		{4D113A8C-1EBE-4F01-91D6-0A86A8227675}.AppStore|iPhoneSimulator.ActiveCfg = Debug|Any CPU
		{4D113A8C-1EBE-4F01-91D6-0A86A8227675}.AppStore|iPhoneSimulator.Build.0 = Debug|Any CPU
		{4D113A8C-1EBE-4F01-91D6-0A86A8227675}.Debug|Any CPU.ActiveCfg = Debug|Any CPU
		{4D113A8C-1EBE-4F01-91D6-0A86A8227675}.Debug|Any CPU.Build.0 = Debug|Any CPU
		{4D113A8C-1EBE-4F01-91D6-0A86A8227675}.Debug|iPhone.ActiveCfg = Debug|Any CPU
		{4D113A8C-1EBE-4F01-91D6-0A86A8227675}.Debug|iPhone.Build.0 = Debug|Any CPU
		{4D113A8C-1EBE-4F01-91D6-0A86A8227675}.Debug|iPhoneSimulator.ActiveCfg = Debug|Any CPU
		{4D113A8C-1EBE-4F01-91D6-0A86A8227675}.Debug|iPhoneSimulator.Build.0 = Debug|Any CPU
		{4D113A8C-1EBE-4F01-91D6-0A86A8227675}.Release|Any CPU.ActiveCfg = Release|Any CPU
		{4D113A8C-1EBE-4F01-91D6-0A86A8227675}.Release|Any CPU.Build.0 = Release|Any CPU
		{4D113A8C-1EBE-4F01-91D6-0A86A8227675}.Release|iPhone.ActiveCfg = Release|Any CPU
		{4D113A8C-1EBE-4F01-91D6-0A86A8227675}.Release|iPhone.Build.0 = Release|Any CPU
		{4D113A8C-1EBE-4F01-91D6-0A86A8227675}.Release|iPhoneSimulator.ActiveCfg = Release|Any CPU
		{4D113A8C-1EBE-4F01-91D6-0A86A8227675}.Release|iPhoneSimulator.Build.0 = Release|Any CPU
	EndGlobalSection
	GlobalSection(SolutionProperties) = preSolution
		HideSolutionNode = FALSE
	EndGlobalSection
	GlobalSection(NestedProjects) = preSolution
		{78DAF9AA-482C-485F-B52A-9328DFE91E64} = {F273D811-75D4-4EE3-90AD-FFF1608338CD}
		{5565FDFD-B7E2-4509-AD29-C2870F537F51} = {F273D811-75D4-4EE3-90AD-FFF1608338CD}
		{40E8567D-D855-472A-AABC-176498433A33} = {AE7B08E9-44BD-4A25-AB69-26D4CE20EA4D}
	EndGlobalSection
	GlobalSection(ExtensibilityGlobals) = postSolution
		SolutionGuid = {0E1808E7-D874-4808-A1AA-3251671EFC93}
	EndGlobalSection
EndGlobal
